
Microsoft Visual Studio Solution File, Format Version 12.00
# Visual Studio Version 17
VisualStudioVersion = 17.10.35027.167
MinimumVisualStudioVersion = 10.0.40219.1
Project("{9A19103F-16F7-4668-BE54-9A1E7A4F7556}") = "Servicio_detectar_video", "Servicio_detectar_video\Servicio_detectar_video.csproj", "{10A067E1-BF21-455F-8991-F22F4BF7625A}"
EndProject
Project("{9A19103F-16F7-4668-BE54-9A1E7A4F7556}") = "C_Servicio_detectar", "..\Servicio_detectar_imagenes\C_Servicio_detectar_imagenes\C_Servicio_detectar.csproj", "{05D8E8B9-CA6A-46EF-810E-AF567E38E6A8}"
EndProject
Project("{9A19103F-16F7-4668-BE54-9A1E7A4F7556}") = "M_Servicio_detectar", "..\Servicio_detectar_imagenes\M_Servicio_detectar_imagenes\M_Servicio_detectar.csproj", "{827F5B18-6BCC-418A-9E3D-F13C454D44CB}"
EndProject
Global
	GlobalSection(SolutionConfigurationPlatforms) = preSolution
		Debug|Any CPU = Debug|Any CPU
		Release|Any CPU = Release|Any CPU
	EndGlobalSection
	GlobalSection(ProjectConfigurationPlatforms) = postSolution
		{10A067E1-BF21-455F-8991-F22F4BF7625A}.Debug|Any CPU.ActiveCfg = Debug|Any CPU
		{10A067E1-BF21-455F-8991-F22F4BF7625A}.Debug|Any CPU.Build.0 = Debug|Any CPU
		{10A067E1-BF21-455F-8991-F22F4BF7625A}.Release|Any CPU.ActiveCfg = Release|Any CPU
		{10A067E1-BF21-455F-8991-F22F4BF7625A}.Release|Any CPU.Build.0 = Release|Any CPU
		{05D8E8B9-CA6A-46EF-810E-AF567E38E6A8}.Debug|Any CPU.ActiveCfg = Debug|Any CPU
		{05D8E8B9-CA6A-46EF-810E-AF567E38E6A8}.Debug|Any CPU.Build.0 = Debug|Any CPU
		{05D8E8B9-CA6A-46EF-810E-AF567E38E6A8}.Release|Any CPU.ActiveCfg = Release|Any CPU
		{05D8E8B9-CA6A-46EF-810E-AF567E38E6A8}.Release|Any CPU.Build.0 = Release|Any CPU
		{827F5B18-6BCC-418A-9E3D-F13C454D44CB}.Debug|Any CPU.ActiveCfg = Debug|Any CPU
		{827F5B18-6BCC-418A-9E3D-F13C454D44CB}.Debug|Any CPU.Build.0 = Debug|Any CPU
		{827F5B18-6BCC-418A-9E3D-F13C454D44CB}.Release|Any CPU.ActiveCfg = Release|Any CPU
		{827F5B18-6BCC-418A-9E3D-F13C454D44CB}.Release|Any CPU.Build.0 = Release|Any CPU
	EndGlobalSection
	GlobalSection(SolutionProperties) = preSolution
		HideSolutionNode = FALSE
	EndGlobalSection
	GlobalSection(ExtensibilityGlobals) = postSolution
		SolutionGuid = {DA7D6527-FF1F-4A9F-BF5D-D88BFC8741C4}
	EndGlobalSection
EndGlobal
